// !$*UTF8*$!
{
	archiveVersion = 1;
	classes = {
	};
	objectVersion = 46;
	objects = {

/* Begin PBXBuildFile section */
		D90AD5271E2696D9006A1A13 /* ImageStore.swift in Sources */ = {isa = PBXBuildFile; fileRef = D90AD5261E2696D9006A1A13 /* ImageStore.swift */; };
		D95BA4E61E2428BD00CC6FBD /* DataManager.swift in Sources */ = {isa = PBXBuildFile; fileRef = D95BA4E51E2428BD00CC6FBD /* DataManager.swift */; };
		D9B36CBD1E234B9A004F93F0 /* AppDelegate.swift in Sources */ = {isa = PBXBuildFile; fileRef = D9B36CBC1E234B9A004F93F0 /* AppDelegate.swift */; };
		D9B36CBF1E234B9A004F93F0 /* UsersViewController.swift in Sources */ = {isa = PBXBuildFile; fileRef = D9B36CBE1E234B9A004F93F0 /* UsersViewController.swift */; };
		D9B36CC41E234B9A004F93F0 /* Assets.xcassets in Resources */ = {isa = PBXBuildFile; fileRef = D9B36CC31E234B9A004F93F0 /* Assets.xcassets */; };
		D9B36CC71E234B9A004F93F0 /* LaunchScreen.storyboard in Resources */ = {isa = PBXBuildFile; fileRef = D9B36CC51E234B9A004F93F0 /* LaunchScreen.storyboard */; };
		D9B36CFC1E240051004F93F0 /* UserTableViewCell.swift in Sources */ = {isa = PBXBuildFile; fileRef = D9B36CFA1E240051004F93F0 /* UserTableViewCell.swift */; };
		D9B36CFD1E240051004F93F0 /* UserTableViewCell.xib in Resources */ = {isa = PBXBuildFile; fileRef = D9B36CFB1E240051004F93F0 /* UserTableViewCell.xib */; };
		D9B36D001E240CCE004F93F0 /* User.swift in Sources */ = {isa = PBXBuildFile; fileRef = D9B36CFF1E240CCE004F93F0 /* User.swift */; };
		D9E57B771E28741000AB3582 /* randomUsers.json in Resources */ = {isa = PBXBuildFile; fileRef = D9E57B761E28741000AB3582 /* randomUsers.json */; };
		D9F9B6BC1E27530A00F52310 /* ActivityIndicator.swift in Sources */ = {isa = PBXBuildFile; fileRef = D9F9B6BB1E27530A00F52310 /* ActivityIndicator.swift */; };
/* End PBXBuildFile section */

/* Begin PBXFileReference section */
		D90AD5261E2696D9006A1A13 /* ImageStore.swift */ = {isa = PBXFileReference; fileEncoding = 4; lastKnownFileType = sourcecode.swift; path = ImageStore.swift; sourceTree = "<group>"; };
		D95BA4E51E2428BD00CC6FBD /* DataManager.swift */ = {isa = PBXFileReference; fileEncoding = 4; lastKnownFileType = sourcecode.swift; path = DataManager.swift; sourceTree = "<group>"; };
		D9B36CB91E234B9A004F93F0 /* RandomUser.app */ = {isa = PBXFileReference; explicitFileType = wrapper.application; includeInIndex = 0; path = RandomUser.app; sourceTree = BUILT_PRODUCTS_DIR; };
		D9B36CBC1E234B9A004F93F0 /* AppDelegate.swift */ = {isa = PBXFileReference; lastKnownFileType = sourcecode.swift; path = AppDelegate.swift; sourceTree = "<group>"; };
		D9B36CBE1E234B9A004F93F0 /* UsersViewController.swift */ = {isa = PBXFileReference; lastKnownFileType = sourcecode.swift; path = UsersViewController.swift; sourceTree = "<group>"; };
		D9B36CC31E234B9A004F93F0 /* Assets.xcassets */ = {isa = PBXFileReference; lastKnownFileType = folder.assetcatalog; path = Assets.xcassets; sourceTree = "<group>"; };
		D9B36CC61E234B9A004F93F0 /* Base */ = {isa = PBXFileReference; lastKnownFileType = file.storyboard; name = Base; path = Base.lproj/LaunchScreen.storyboard; sourceTree = "<group>"; };
		D9B36CC81E234B9A004F93F0 /* Info.plist */ = {isa = PBXFileReference; lastKnownFileType = text.plist.xml; path = Info.plist; sourceTree = "<group>"; };
		D9B36CFA1E240051004F93F0 /* UserTableViewCell.swift */ = {isa = PBXFileReference; fileEncoding = 4; lastKnownFileType = sourcecode.swift; path = UserTableViewCell.swift; sourceTree = "<group>"; };
		D9B36CFB1E240051004F93F0 /* UserTableViewCell.xib */ = {isa = PBXFileReference; fileEncoding = 4; lastKnownFileType = file.xib; path = UserTableViewCell.xib; sourceTree = "<group>"; };
		D9B36CFF1E240CCE004F93F0 /* User.swift */ = {isa = PBXFileReference; fileEncoding = 4; lastKnownFileType = sourcecode.swift; path = User.swift; sourceTree = "<group>"; };
		D9E57B761E28741000AB3582 /* randomUsers.json */ = {isa = PBXFileReference; fileEncoding = 4; lastKnownFileType = text.json; path = randomUsers.json; sourceTree = "<group>"; };
		D9F9B6BB1E27530A00F52310 /* ActivityIndicator.swift */ = {isa = PBXFileReference; fileEncoding = 4; lastKnownFileType = sourcecode.swift; path = ActivityIndicator.swift; sourceTree = "<group>"; };
/* End PBXFileReference section */

/* Begin PBXFrameworksBuildPhase section */
		D9B36CB61E234B9A004F93F0 /* Frameworks */ = {
			isa = PBXFrameworksBuildPhase;
			buildActionMask = 2147483647;
			files = (
			);
			runOnlyForDeploymentPostprocessing = 0;
		};
/* End PBXFrameworksBuildPhase section */

/* Begin PBXGroup section */
		D9B36CB01E234B9A004F93F0 = {
			isa = PBXGroup;
			children = (
				D9B36CBB1E234B9A004F93F0 /* RandomUser */,
				D9B36CBA1E234B9A004F93F0 /* Products */,
			);
			sourceTree = "<group>";
		};
		D9B36CBA1E234B9A004F93F0 /* Products */ = {
			isa = PBXGroup;
			children = (
				D9B36CB91E234B9A004F93F0 /* RandomUser.app */,
			);
			name = Products;
			sourceTree = "<group>";
		};
		D9B36CBB1E234B9A004F93F0 /* RandomUser */ = {
			isa = PBXGroup;
			children = (
				D9B36CCE1E234BA7004F93F0 /* Application */,
				D9B36CD11E234BCA004F93F0 /* Controllers */,
				D9B36CFE1E240CC2004F93F0 /* Models */,
				D9B36D011E240D34004F93F0 /* Networking */,
				D9B36CD01E234BBF004F93F0 /* Resources */,
				D9B36CCF1E234BAF004F93F0 /* Storyboards */,
				D9B36CF81E240014004F93F0 /* Views */,
			);
			path = RandomUser;
			sourceTree = "<group>";
		};
		D9B36CCE1E234BA7004F93F0 /* Application */ = {
			isa = PBXGroup;
			children = (
				D9B36CBC1E234B9A004F93F0 /* AppDelegate.swift */,
			);
			name = Application;
			sourceTree = "<group>";
		};
		D9B36CCF1E234BAF004F93F0 /* Storyboards */ = {
			isa = PBXGroup;
			children = (
				D9B36CC51E234B9A004F93F0 /* LaunchScreen.storyboard */,
			);
			name = Storyboards;
			sourceTree = "<group>";
		};
		D9B36CD01E234BBF004F93F0 /* Resources */ = {
			isa = PBXGroup;
			children = (
				D9B36CC31E234B9A004F93F0 /* Assets.xcassets */,
				D9B36CC81E234B9A004F93F0 /* Info.plist */,
				D9E57B761E28741000AB3582 /* randomUsers.json */,
			);
			name = Resources;
			sourceTree = "<group>";
		};
		D9B36CD11E234BCA004F93F0 /* Controllers */ = {
			isa = PBXGroup;
			children = (
				D9B36CBE1E234B9A004F93F0 /* UsersViewController.swift */,
			);
			name = Controllers;
			sourceTree = "<group>";
		};
		D9B36CF81E240014004F93F0 /* Views */ = {
			isa = PBXGroup;
			children = (
				D9F9B6BB1E27530A00F52310 /* ActivityIndicator.swift */,
				D9B36CF91E240021004F93F0 /* Cells */,
			);
			name = Views;
			sourceTree = "<group>";
		};
		D9B36CF91E240021004F93F0 /* Cells */ = {
			isa = PBXGroup;
			children = (
				D9B36CFA1E240051004F93F0 /* UserTableViewCell.swift */,
				D9B36CFB1E240051004F93F0 /* UserTableViewCell.xib */,
			);
			name = Cells;
			path = ..;
			sourceTree = "<group>";
		};
		D9B36CFE1E240CC2004F93F0 /* Models */ = {
			isa = PBXGroup;
			children = (
				D9B36CFF1E240CCE004F93F0 /* User.swift */,
			);
			name = Models;
			sourceTree = "<group>";
		};
		D9B36D011E240D34004F93F0 /* Networking */ = {
			isa = PBXGroup;
			children = (
				D95BA4E51E2428BD00CC6FBD /* DataManager.swift */,
				D90AD5261E2696D9006A1A13 /* ImageStore.swift */,
			);
			name = Networking;
			path = ..;
			sourceTree = "<group>";
		};
/* End PBXGroup section */

/* Begin PBXNativeTarget section */
		D9B36CB81E234B9A004F93F0 /* RandomUser */ = {
			isa = PBXNativeTarget;
			buildConfigurationList = D9B36CCB1E234B9A004F93F0 /* Build configuration list for PBXNativeTarget "RandomUser" */;
			buildPhases = (
				D9B36CB51E234B9A004F93F0 /* Sources */,
				D9B36CB61E234B9A004F93F0 /* Frameworks */,
				D9B36CB71E234B9A004F93F0 /* Resources */,
			);
			buildRules = (
			);
			dependencies = (
			);
			name = RandomUser;
			productName = RandomUser;
			productReference = D9B36CB91E234B9A004F93F0 /* RandomUser.app */;
			productType = "com.apple.product-type.application";
		};
/* End PBXNativeTarget section */

/* Begin PBXProject section */
		D9B36CB11E234B9A004F93F0 /* Project object */ = {
			isa = PBXProject;
			attributes = {
				LastSwiftUpdateCheck = 0810;
				LastUpgradeCheck = 0810;
				ORGANIZATIONNAME = "Ayuna NYC";
				TargetAttributes = {
					D9B36CB81E234B9A004F93F0 = {
						CreatedOnToolsVersion = 8.1;
						DevelopmentTeam = N48NM3R37Q;
						ProvisioningStyle = Automatic;
					};
				};
			};
			buildConfigurationList = D9B36CB41E234B9A004F93F0 /* Build configuration list for PBXProject "RandomUser" */;
			compatibilityVersion = "Xcode 3.2";
			developmentRegion = English;
			hasScannedForEncodings = 0;
			knownRegions = (
				en,
				Base,
			);
			mainGroup = D9B36CB01E234B9A004F93F0;
			productRefGroup = D9B36CBA1E234B9A004F93F0 /* Products */;
			projectDirPath = "";
			projectRoot = "";
			targets = (
				D9B36CB81E234B9A004F93F0 /* RandomUser */,
			);
		};
/* End PBXProject section */

/* Begin PBXResourcesBuildPhase section */
		D9B36CB71E234B9A004F93F0 /* Resources */ = {
			isa = PBXResourcesBuildPhase;
			buildActionMask = 2147483647;
			files = (
				D9B36CFD1E240051004F93F0 /* UserTableViewCell.xib in Resources */,
				D9E57B771E28741000AB3582 /* randomUsers.json in Resources */,
				D9B36CC71E234B9A004F93F0 /* LaunchScreen.storyboard in Resources */,
				D9B36CC41E234B9A004F93F0 /* Assets.xcassets in Resources */,
			);
			runOnlyForDeploymentPostprocessing = 0;
		};
/* End PBXResourcesBuildPhase section */

/* Begin PBXSourcesBuildPhase section */
		D9B36CB51E234B9A004F93F0 /* Sources */ = {
			isa = PBXSourcesBuildPhase;
			buildActionMask = 2147483647;
			files = (
				D90AD5271E2696D9006A1A13 /* ImageStore.swift in Sources */,
				D9B36D001E240CCE004F93F0 /* User.swift in Sources */,
				D9B36CBF1E234B9A004F93F0 /* UsersViewController.swift in Sources */,
				D95BA4E61E2428BD00CC6FBD /* DataManager.swift in Sources */,
				D9F9B6BC1E27530A00F52310 /* ActivityIndicator.swift in Sources */,
				D9B36CFC1E240051004F93F0 /* UserTableViewCell.swift in Sources */,
				D9B36CBD1E234B9A004F93F0 /* AppDelegate.swift in Sources */,
			);
			runOnlyForDeploymentPostprocessing = 0;
		};
/* End PBXSourcesBuildPhase section */

/* Begin PBXVariantGroup section */
		D9B36CC51E234B9A004F93F0 /* LaunchScreen.storyboard */ = {
			isa = PBXVariantGroup;
			children = (
				D9B36CC61E234B9A004F93F0 /* Base */,
			);
			name = LaunchScreen.storyboard;
			sourceTree = "<group>";
		};
/* End PBXVariantGroup section */

/* Begin XCBuildConfiguration section */
		D9B36CC91E234B9A004F93F0 /* Debug */ = {
			isa = XCBuildConfiguration;
			buildSettings = {
				ALWAYS_SEARCH_USER_PATHS = NO;
				CLANG_ANALYZER_NONNULL = YES;
				CLANG_CXX_LANGUAGE_STANDARD = "gnu++0x";
				CLANG_CXX_LIBRARY = "libc++";
				CLANG_ENABLE_MODULES = YES;
				CLANG_ENABLE_OBJC_ARC = YES;
				CLANG_WARN_BOOL_CONVERSION = YES;
				CLANG_WARN_CONSTANT_CONVERSION = YES;
				CLANG_WARN_DIRECT_OBJC_ISA_USAGE = YES_ERROR;
				CLANG_WARN_DOCUMENTATION_COMMENTS = YES;
				CLANG_WARN_EMPTY_BODY = YES;
				CLANG_WARN_ENUM_CONVERSION = YES;
				CLANG_WARN_INFINITE_RECURSION = YES;
				CLANG_WARN_INT_CONVERSION = YES;
				CLANG_WARN_OBJC_ROOT_CLASS = YES_ERROR;
				CLANG_WARN_SUSPICIOUS_MOVES = YES;
				CLANG_WARN_UNREACHABLE_CODE = YES;
				CLANG_WARN__DUPLICATE_METHOD_MATCH = YES;
				"CODE_SIGN_IDENTITY[sdk=iphoneos*]" = "iPhone Developer";
				COPY_PHASE_STRIP = NO;
				DEBUG_INFORMATION_FORMAT = dwarf;
				ENABLE_STRICT_OBJC_MSGSEND = YES;
				ENABLE_TESTABILITY = YES;
				GCC_C_LANGUAGE_STANDARD = gnu99;
				GCC_DYNAMIC_NO_PIC = NO;
				GCC_NO_COMMON_BLOCKS = YES;
				GCC_OPTIMIZATION_LEVEL = 0;
				GCC_PREPROCESSOR_DEFINITIONS = (
					"DEBUG=1",
					"$(inherited)",
				);
				GCC_WARN_64_TO_32_BIT_CONVERSION = YES;
				GCC_WARN_ABOUT_RETURN_TYPE = YES_ERROR;
				GCC_WARN_UNDECLARED_SELECTOR = YES;
				GCC_WARN_UNINITIALIZED_AUTOS = YES_AGGRESSIVE;
				GCC_WARN_UNUSED_FUNCTION = YES;
				GCC_WARN_UNUSED_VARIABLE = YES;
				IPHONEOS_DEPLOYMENT_TARGET = 10.1;
				MTL_ENABLE_DEBUG_INFO = YES;
				ONLY_ACTIVE_ARCH = YES;
				SDKROOT = iphoneos;
				SWIFT_ACTIVE_COMPILATION_CONDITIONS = DEBUG;
				SWIFT_OPTIMIZATION_LEVEL = "-Onone";
			};
			name = Debug;
		};
		D9B36CCA1E234B9A004F93F0 /* Release */ = {
			isa = XCBuildConfiguration;
			buildSettings = {
				ALWAYS_SEARCH_USER_PATHS = NO;
				CLANG_ANALYZER_NONNULL = YES;
				CLANG_CXX_LANGUAGE_STANDARD = "gnu++0x";
				CLANG_CXX_LIBRARY = "libc++";
				CLANG_ENABLE_MODULES = YES;
				CLANG_ENABLE_OBJC_ARC = YES;
				CLANG_WARN_BOOL_CONVERSION = YES;
				CLANG_WARN_CONSTANT_CONVERSION = YES;
				CLANG_WARN_DIRECT_OBJC_ISA_USAGE = YES_ERROR;
				CLANG_WARN_DOCUMENTATION_COMMENTS = YES;
				CLANG_WARN_EMPTY_BODY = YES;
				CLANG_WARN_ENUM_CONVERSION = YES;
				CLANG_WARN_INFINITE_RECURSION = YES;
				CLANG_WARN_INT_CONVERSION = YES;
				CLANG_WARN_OBJC_ROOT_CLASS = YES_ERROR;
				CLANG_WARN_SUSPICIOUS_MOVES = YES;
				CLANG_WARN_UNREACHABLE_CODE = YES;
				CLANG_WARN__DUPLICATE_METHOD_MATCH = YES;
				"CODE_SIGN_IDENTITY[sdk=iphoneos*]" = "iPhone Developer";
				COPY_PHASE_STRIP = NO;
				DEBUG_INFORMATION_FORMAT = "dwarf-with-dsym";
				ENABLE_NS_ASSERTIONS = NO;
				ENABLE_STRICT_OBJC_MSGSEND = YES;
				GCC_C_LANGUAGE_STANDARD = gnu99;
				GCC_NO_COMMON_BLOCKS = YES;
				GCC_WARN_64_TO_32_BIT_CONVERSION = YES;
				GCC_WARN_ABOUT_RETURN_TYPE = YES_ERROR;
				GCC_WARN_UNDECLARED_SELECTOR = YES;
				GCC_WARN_UNINITIALIZED_AUTOS = YES_AGGRESSIVE;
				GCC_WARN_UNUSED_FUNCTION = YES;
				GCC_WARN_UNUSED_VARIABLE = YES;
				IPHONEOS_DEPLOYMENT_TARGET = 10.1;
				MTL_ENABLE_DEBUG_INFO = NO;
				SDKROOT = iphoneos;
				SWIFT_OPTIMIZATION_LEVEL = "-Owholemodule";
				VALIDATE_PRODUCT = YES;
			};
			name = Release;
		};
		D9B36CCC1E234B9A004F93F0 /* Debug */ = {
			isa = XCBuildConfiguration;
			buildSettings = {
				ASSETCATALOG_COMPILER_APPICON_NAME = AppIcon;
				DEVELOPMENT_TEAM = N48NM3R37Q;
				INFOPLIST_FILE = RandomUser/Info.plist;
				LD_RUNPATH_SEARCH_PATHS = "$(inherited) @executable_path/Frameworks";
				PRODUCT_BUNDLE_IDENTIFIER = com.ayunavogel.RandomUser;
				PRODUCT_NAME = "$(TARGET_NAME)";
				SWIFT_VERSION = 3.0;
			};
			name = Debug;
		};
		D9B36CCD1E234B9A004F93F0 /* Release */ = {
			isa = XCBuildConfiguration;
			buildSettings = {
				ASSETCATALOG_COMPILER_APPICON_NAME = AppIcon;
				DEVELOPMENT_TEAM = N48NM3R37Q;
				INFOPLIST_FILE = RandomUser/Info.plist;
				LD_RUNPATH_SEARCH_PATHS = "$(inherited) @executable_path/Frameworks";
				PRODUCT_BUNDLE_IDENTIFIER = com.ayunavogel.RandomUser;
				PRODUCT_NAME = "$(TARGET_NAME)";
				SWIFT_VERSION = 3.0;
			};
			name = Release;
		};
/* End XCBuildConfiguration section */

/* Begin XCConfigurationList section */
		D9B36CB41E234B9A004F93F0 /* Build configuration list for PBXProject "RandomUser" */ = {
			isa = XCConfigurationList;
			buildConfigurations = (
				D9B36CC91E234B9A004F93F0 /* Debug */,
				D9B36CCA1E234B9A004F93F0 /* Release */,
			);
			defaultConfigurationIsVisible = 0;
			defaultConfigurationName = Release;
		};
		D9B36CCB1E234B9A004F93F0 /* Build configuration list for PBXNativeTarget "RandomUser" */ = {
			isa = XCConfigurationList;
			buildConfigurations = (
				D9B36CCC1E234B9A004F93F0 /* Debug */,
				D9B36CCD1E234B9A004F93F0 /* Release */,
			);
			defaultConfigurationIsVisible = 0;
			defaultConfigurationName = Release;
		};
/* End XCConfigurationList section */
	};
	rootObject = D9B36CB11E234B9A004F93F0 /* Project object */;
}
